PODS:
  - AFNetworking (4.0.0):
    - AFNetworking/NSURLSession (= 4.0.0)
    - AFNetworking/Reachability (= 4.0.0)
    - AFNetworking/Security (= 4.0.0)
    - AFNetworking/Serialization (= 4.0.0)
    - AFNetworking/UIKit (= 4.0.0)
  - AFNetworking/NSURLSession (4.0.0):
    - AFNetworking/Reachability
    - AFNetworking/Security
    - AFNetworking/Serialization
  - AFNetworking/Reachability (4.0.0)
  - AFNetworking/Security (4.0.0)
  - AFNetworking/Serialization (4.0.0)
  - AFNetworking/UIKit (4.0.0):
    - AFNetworking/NSURLSession
  - PodA (0.1.6):
    - AFNetworking (= 4.0.0)
    - PodA/Core (= 0.1.6)
    - PodA/MapKit (= 0.1.6)
    - PodA/Third (= 0.1.6)
  - PodA/Core (0.1.6):
    - AFNetworking (= 4.0.0)
  - PodA/MapKit (0.1.6):
    - AFNetworking (= 4.0.0)
    - PodA/Core
    - YYModel
  - PodA/Third (0.1.6):
    - AFNetworking (= 4.0.0)
    - PodA/Third/Third2 (= 0.1.6)
  - PodA/Third/Third2 (0.1.6):
    - AFNetworking (= 4.0.0)
    - SDWebImage
  - SDWebImage (5.12.1):
    - SDWebImage/Core (= 5.12.1)
  - SDWebImage/Core (5.12.1)
  - YYModel (1.0.4)

DEPENDENCIES:
  - PodA (from `../`)

SPEC REPOS:
  "git@github.com:Zhangyanshen/example-private-spec-bin.git":
    - AFNetworking
    - YYModel
  trunk:
    - SDWebImage

EXTERNAL SOURCES:
  PodA:
    :path: "../"

SPEC CHECKSUMS:
  AFNetworking: 9a48719229e7ccbb6f3aed2699beb26eb196c38c
  PodA: 12d74de6c0f7712e70458046e43368c6f97830bd
  SDWebImage: 4dc3e42d9ec0c1028b960a33ac6b637bb432207b
  YYModel: 23eee8c4eb3f0046f4e67f42d60576c510dc932a

PODFILE CHECKSUM: 7648bde76a6f261d017d59882c2cbae0f8cfd777

COCOAPODS: 1.11.2
