PODS:
  - AFNetworking (4.0.0):
    - AFNetworking/NSURLSession (= 4.0.0)
    - AFNetworking/Reachability (= 4.0.0)
    - AFNetworking/Security (= 4.0.0)
    - AFNetworking/Serialization (= 4.0.0)
    - AFNetworking/UIKit (= 4.0.0)
  - AFNetworking/NSURLSession (4.0.0):
    - AFNetworking/Reachability
    - AFNetworking/Security
    - AFNetworking/Serialization
  - AFNetworking/Reachability (4.0.0)
  - AFNetworking/Security (4.0.0)
  - AFNetworking/Serialization (4.0.0)
  - AFNetworking/UIKit (4.0.0):
    - AFNetworking/NSURLSession
  - PodA (0.1.2):
    - AFNetworking (= 4.0.0)

DEPENDENCIES:
  - PodA

SPEC REPOS:
  "git@github.com:Zhangyanshen/example-private-spec-bin.git":
    - AFNetworking
    - PodA

SPEC CHECKSUMS:
  AFNetworking: 9a48719229e7ccbb6f3aed2699beb26eb196c38c
  PodA: a38999a596aedddf631db28c1d2192cfcab1d220

PODFILE CHECKSUM: 6a3b4bc2c31704fd398196466fa247eb0553b597

COCOAPODS: 1.11.2
